github.com/ZongBen/tanvas v0.0.0-20240717033857-28987c3edcaf h1:saUlP/bpa1/WZs+66WvITfebXoyrV6MXyBDRaJFRuVA=
github.com/ZongBen/tanvas v0.0.0-20240717033857-28987c3edcaf/go.mod h1:csu4FwRoy9Z5yeFK0jqX/EuOwUqAnQHhLOCr9/42Oco=
github.com/ZongBen/tanvas v0.0.0-20240717040852-89361572e3d7 h1:XUdIvjXZNg/FGS+7UaVudEdmXuVqQb9FQNnL2TEPyCw=
github.com/ZongBen/tanvas v0.0.0-20240717040852-89361572e3d7/go.mod h1:csu4FwRoy9Z5yeFK0jqX/EuOwUqAnQHhLOCr9/42Oco=
github.com/ZongBen/tanvas v0.0.0-20240717044228-38bc98948139 h1:3T9tL4vVdaAohG4Hj256Ti5HcJz+3+65s1w2GYmPXd8=
github.com/ZongBen/tanvas v0.0.0-20240717044228-38bc98948139/go.mod h1:csu4FwRoy9Z5yeFK0jqX/EuOwUqAnQHhLOCr9/42Oco=
github.com/ZongBen/tanvas v0.0.0-20240717092927-b820eb8e179c h1:ELgNBz5OVF5LcZmtCHO/3nP1J7+n2OcPBAlZf5xmi3g=
github.com/ZongBen/tanvas v0.0.0-20240717092927-b820eb8e179c/go.mod h1:csu4FwRoy9Z5yeFK0jqX/EuOwUqAnQHhLOCr9/42Oco=
github.com/ZongBen/tanvas v0.0.0-20240718030021-7197f4277b4d h1:+oCTI/o1RKKrda/UCQZ2svi0uMqrUoIOC0ByKl3+BPc=
github.com/ZongBen/tanvas v0.0.0-20240718030021-7197f4277b4d/go.mod h1:csu4FwRoy9Z5yeFK0jqX/EuOwUqAnQHhLOCr9/42Oco=
github.com/ZongBen/tanvas v0.0.0-20240718152844-e97dbed68312 h1:zgQZ3C1UTjPPr0XDUGwTX0/4CSKGIE1LZtP7sLsnqYQ=
github.com/ZongBen/tanvas v0.0.0-20240718152844-e97dbed68312/go.mod h1:csu4FwRoy9Z5yeFK0jqX/EuOwUqAnQHhLOCr9/42Oco=
github.com/ZongBen/tanvas v0.0.0-20240718154141-8a8bc4c27b19 h1:wADFFnP7i3Prs3P96NfZ4EyWpUQ2Q/OJqUKff1sq5pU=
github.com/ZongBen/tanvas v0.0.0-20240718154141-8a8bc4c27b19/go.mod h1:csu4FwRoy9Z5yeFK0jqX/EuOwUqAnQHhLOCr9/42Oco=
github.com/ZongBen/tanvas v0.0.0-20240719082138-1ffdce7b9f40 h1:qUzVcGBkFZDwn8j6aY2yJiXY2iQiiw6GLxxReVTG2bw=
github.com/ZongBen/tanvas v0.0.0-20240719082138-1ffdce7b9f40/go.mod h1:csu4FwRoy9Z5yeFK0jqX/EuOwUqAnQHhLOCr9/42Oco=
github.com/ZongBen/tanvas v0.0.0-20240719103730-bbde3918e2b6 h1:66iAiS/W0XwCUjnCyP82X9NNqggKciWswk2iHTzz/jQ=
github.com/ZongBen/tanvas v0.0.0-20240719103730-bbde3918e2b6/go.mod h1:csu4FwRoy9Z5yeFK0jqX/EuOwUqAnQHhLOCr9/42Oco=
github.com/ZongBen/tanvas v0.0.0-20240719130735-f903f73dbe3b h1:e3Oz5AMwYAWBi8320LsFmiKgSuzOvjEjIb2Ye/f7jtU=
github.com/ZongBen/tanvas v0.0.0-20240719130735-f903f73dbe3b/go.mod h1:csu4FwRoy9Z5yeFK0jqX/EuOwUqAnQHhLOCr9/42Oco=
github.com/ZongBen/tanvas v0.0.0-20240719130847-7f0237f834e3 h1:WZyvzqceWRV67db89iJwXJBA0ygzdrmA/nxN4wsLpa4=
github.com/ZongBen/tanvas v0.0.0-20240719130847-7f0237f834e3/go.mod h1:csu4FwRoy9Z5yeFK0jqX/EuOwUqAnQHhLOCr9/42Oco=
github.com/eiannone/keyboard v0.0.0-20220611211555-0d226195f203 h1:XBBHcIb256gUJtLmY22n99HaZTz+r2Z51xUPi01m3wg=
github.com/eiannone/keyboard v0.0.0-20220611211555-0d226195f203/go.mod h1:E1jcSv8FaEny+OP/5k9UxZVw9YFWGj7eI4KR/iOBqCg=
github.com/mattn/go-runewidth v0.0.9/go.mod h1:H031xJmbD/WCDINGzjvQ9THkh0rPKHF+m2gUSrubnMI=
github.com/mattn/go-runewidth v0.0.15 h1:UNAjwbU9l54TA3KzvqLGxwWjHmMgBUVhBiTjelZgg3U=
github.com/mattn/go-runewidth v0.0.15/go.mod h1:Jdepj2loyihRzMpdS35Xk/zdY8IAYHsh153qUoGf23w=
github.com/nsf/termbox-go v1.1.1 h1:nksUPLCb73Q++DwbYUBEglYBRPZyoXJdrj5L+TkjyZY=
github.com/nsf/termbox-go v1.1.1/go.mod h1:T0cTdVuOwf7pHQNtfhnEbzHbcNyCEcVU4YPpouCbVxo=
github.com/rivo/uniseg v0.2.0/go.mod h1:J6wj4VEh+S6ZtnVlnTBMWIodfgj8LQOQFoIToxlJtxc=
github.com/rivo/uniseg v0.4.7 h1:WUdvkW8uEhrYfLC4ZzdpI2ztxP1I582+49Oc5Mq64VQ=
github.com/rivo/uniseg v0.4.7/go.mod h1:FN3SvrM+Zdj16jyLfmOkMNblXMcoc8DfTHruCPUcx88=
golang.org/x/sys v0.22.0 h1:RI27ohtqKCnwULzJLqkv897zojh5/DwS/ENaMzUOaWI=
golang.org/x/sys v0.22.0/go.mod h1:/VUhepiaJMQUp4+oa/7Zr1D23ma6VTLIYjOOTFZPUcA=
