github.com/ZongBen/tanvas v0.0.0-20240717033857-28987c3edcaf h1:saUlP/bpa1/WZs+66WvITfebXoyrV6MXyBDRaJFRuVA=
github.com/ZongBen/tanvas v0.0.0-20240717033857-28987c3edcaf/go.mod h1:csu4FwRoy9Z5yeFK0jqX/EuOwUqAnQHhLOCr9/42Oco=
github.com/ZongBen/tanvas v0.0.0-20240717040852-89361572e3d7 h1:XUdIvjXZNg/FGS+7UaVudEdmXuVqQb9FQNnL2TEPyCw=
github.com/ZongBen/tanvas v0.0.0-20240717040852-89361572e3d7/go.mod h1:csu4FwRoy9Z5yeFK0jqX/EuOwUqAnQHhLOCr9/42Oco=
github.com/ZongBen/tanvas v0.0.0-20240717044228-38bc98948139 h1:3T9tL4vVdaAohG4Hj256Ti5HcJz+3+65s1w2GYmPXd8=
github.com/ZongBen/tanvas v0.0.0-20240717044228-38bc98948139/go.mod h1:csu4FwRoy9Z5yeFK0jqX/EuOwUqAnQHhLOCr9/42Oco=
github.com/ZongBen/tanvas v0.0.0-20240717092927-b820eb8e179c h1:ELgNBz5OVF5LcZmtCHO/3nP1J7+n2OcPBAlZf5xmi3g=
github.com/ZongBen/tanvas v0.0.0-20240717092927-b820eb8e179c/go.mod h1:csu4FwRoy9Z5yeFK0jqX/EuOwUqAnQHhLOCr9/42Oco=
github.com/ZongBen/tanvas v0.0.0-20240718030021-7197f4277b4d h1:+oCTI/o1RKKrda/UCQZ2svi0uMqrUoIOC0ByKl3+BPc=
github.com/ZongBen/tanvas v0.0.0-20240718030021-7197f4277b4d/go.mod h1:csu4FwRoy9Z5yeFK0jqX/EuOwUqAnQHhLOCr9/42Oco=
github.com/eiannone/keyboard v0.0.0-20220611211555-0d226195f203 h1:XBBHcIb256gUJtLmY22n99HaZTz+r2Z51xUPi01m3wg=
github.com/eiannone/keyboard v0.0.0-20220611211555-0d226195f203/go.mod h1:E1jcSv8FaEny+OP/5k9UxZVw9YFWGj7eI4KR/iOBqCg=
golang.org/x/sys v0.22.0 h1:RI27ohtqKCnwULzJLqkv897zojh5/DwS/ENaMzUOaWI=
golang.org/x/sys v0.22.0/go.mod h1:/VUhepiaJMQUp4+oa/7Zr1D23ma6VTLIYjOOTFZPUcA=
